{
  "name": "TO-DO-APP",
  "lockfileVersion": 3,
  "requires": true,
  "packages": {
    "": {
      "dependencies": {
        "mongoose": "^8.19.3",
        "resend": "^6.4.2"
      },
      "devDependencies": {}
    },
    "node_modules/@mongodb-js/saslprep": {
      "version": "1.3.2",
      "resolved": "https://registry.npmjs.org/@mongodb-js/saslprep/-/saslprep-1.3.2.tgz",
      "integrity": "sha512-QgA5AySqB27cGTXBFmnpifAi7HxoGUeezwo6p9dI03MuDB6Pp33zgclqVb6oVK3j6I9Vesg0+oojW2XxB59SGg==",
      "license": "MIT",
      "dependencies": {
        "sparse-bitfield": "^3.0.3"
      }
    },
    "node_modules/@stablelib/base64": {
      "version": "1.0.1",
      "resolved": "https://registry.npmjs.org/@stablelib/base64/-/base64-1.0.1.tgz",
      "integrity": "sha512-1bnPQqSxSuc3Ii6MhBysoWCg58j97aUjuCSZrGSmDxNqtytIi0k8utUenAwTZN4V5mXXYGsVUI9zeBqy+jBOSQ==",
      "license": "MIT"
    },
    "node_modules/@types/webidl-conversions": {
      "version": "7.0.3",
      "resolved": "https://registry.npmjs.org/@types/webidl-conversions/-/webidl-conversions-7.0.3.tgz",
      "integrity": "sha512-CiJJvcRtIgzadHCYXw7dqEnMNRjhGZlYK05Mj9OyktqV8uVT8fD2BFOB7S1uwBE3Kj2Z+4UyPmFw/Ixgw/LAlA==",
      "license": "MIT"
    },
    "node_modules/@types/whatwg-url": {
      "version": "11.0.5",
      "resolved": "https://registry.npmjs.org/@types/whatwg-url/-/whatwg-url-11.0.5.tgz",
      "integrity": "sha512-coYR071JRaHa+xoEvvYqvnIHaVqaYrLPbsufM9BF63HkwI5Lgmy2QR8Q5K/lYDYo5AK82wOvSOS0UsLTpTG7uQ==",
      "license": "MIT",
      "dependencies": {
        "@types/webidl-conversions": "*"
      }
    },
    "node_modules/bson": {
      "version": "6.10.4",
      "resolved": "https://registry.npmjs.org/bson/-/bson-6.10.4.tgz",
      "integrity": "sha512-WIsKqkSC0ABoBJuT1LEX+2HEvNmNKKgnTAyd0fL8qzK4SH2i9NXg+t08YtdZp/V9IZ33cxe3iV4yM0qg8lMQng==",
      "license": "Apache-2.0",
      "engines": {
        "node": ">=16.20.1"
      }
    },
    "node_modules/debug": {
      "version": "4.4.3",
      "resolved": "https://registry.npmjs.org/debug/-/debug-4.4.3.tgz",
      "integrity": "sha512-RGwwWnwQvkVfavKVt22FGLw+xYSdzARwm0ru6DhTVA3umU5hZc28V3kO4stgYryrTlLpuvgI9GiijltAjNbcqA==",
      "license": "MIT",
      "dependencies": {
        "ms": "^2.1.3"
      },
      "engines": {
        "node": ">=6.0"
      },
      "peerDependenciesMeta": {
        "supports-color": {
          "optional": true
        }
      }
    },
    "node_modules/es6-promise": {
      "version": "4.2.8",
      "resolved": "https://registry.npmjs.org/es6-promise/-/es6-promise-4.2.8.tgz",
      "integrity": "sha512-HJDGx5daxeIvxdBxvG2cb9g4tEvwIk3i8+nhX0yGrYmZUzbkdg8QbDevheDB8gd0//uPj4c1EQua8Q+MViT0/w==",
      "license": "MIT"
    },
    "node_modules/fast-sha256": {
      "version": "1.3.0",
      "resolved": "https://registry.npmjs.org/fast-sha256/-/fast-sha256-1.3.0.tgz",
      "integrity": "sha512-n11RGP/lrWEFI/bWdygLxhI+pVeo1ZYIVwvvPkW7azl/rOy+F3HYRZ2K5zeE9mmkhQppyv9sQFx0JM9UabnpPQ==",
      "license": "Unlicense"
    },
    "node_modules/kareem": {
      "version": "2.6.3",
      "resolved": "https://registry.npmjs.org/kareem/-/kareem-2.6.3.tgz",
      "integrity": "sha512-C3iHfuGUXK2u8/ipq9LfjFfXFxAZMQJJq7vLS45r3D9Y2xQ/m4S8zaR4zMLFWh9AsNPXmcFfUDhTEO8UIC/V6Q==",
      "license": "Apache-2.0",
      "engines": {
        "node": ">=12.0.0"
      }
    },
    "node_modules/mongodb": {
      "version": "6.20.0",
      "resolved": "https://registry.npmjs.org/mongodb/-/mongodb-6.20.0.tgz",
      "integrity": "sha512-Tl6MEIU3K4Rq3TSHd+sZQqRBoGlFsOgNrH5ltAcFBV62Re3Fd+FcaVf8uSEQFOJ51SDowDVttBTONMfoYWrWlQ==",
      "license": "Apache-2.0",
      "dependencies": {
        "@mongodb-js/saslprep": "^1.3.0",
        "bson": "^6.10.4",
        "mongodb-connection-string-url": "^3.0.2"
      },
      "engines": {
        "node": ">=16.20.1"
      },
      "peerDependencies": {
        "@aws-sdk/credential-providers": "^3.188.0",
        "@mongodb-js/zstd": "^1.1.0 || ^2.0.0",
        "gcp-metadata": "^5.2.0",
        "kerberos": "^2.0.1",
        "mongodb-client-encryption": ">=6.0.0 <7",
        "snappy": "^7.3.2",
        "socks": "^2.7.1"
      },
      "peerDependenciesMeta": {
        "@aws-sdk/credential-providers": {
          "optional": true
        },
        "@mongodb-js/zstd": {
          "optional": true
        },
        "gcp-metadata": {
          "optional": true
        },
        "kerberos": {
          "optional": true
        },
        "mongodb-client-encryption": {
          "optional": true
        },
        "snappy": {
          "optional": true
        },
        "socks": {
          "optional": true
        }
      }
    },
    "node_modules/mongodb-connection-string-url": {
      "version": "3.0.2",
      "resolved": "https://registry.npmjs.org/mongodb-connection-string-url/-/mongodb-connection-string-url-3.0.2.tgz",
      "integrity": "sha512-rMO7CGo/9BFwyZABcKAWL8UJwH/Kc2x0g72uhDWzG48URRax5TCIcJ7Rc3RZqffZzO/Gwff/jyKwCU9TN8gehA==",
      "license": "Apache-2.0",
      "dependencies": {
        "@types/whatwg-url": "^11.0.2",
        "whatwg-url": "^14.1.0 || ^13.0.0"
      }
    },
    "node_modules/mongoose": {
      "version": "8.19.4",
      "resolved": "https://registry.npmjs.org/mongoose/-/mongoose-8.19.4.tgz",
      "integrity": "sha512-yiY/Wv6FUYDQ4kBN1RQHiYuayQS4k+yzytj4nctMmQiBIXLfJqvw6fRgmvw1rIOmShp7iAbpNt7s2s6TyVOSyA==",
      "license": "MIT",
      "dependencies": {
        "bson": "^6.10.4",
        "kareem": "2.6.3",
        "mongodb": "~6.20.0",
        "mpath": "0.9.0",
        "mquery": "5.0.0",
        "ms": "2.1.3",
        "sift": "17.1.3"
      },
      "engines": {
        "node": ">=16.20.1"
      },
      "funding": {
        "type": "opencollective",
        "url": "https://opencollective.com/mongoose"
      }
    },
    "node_modules/mpath": {
      "version": "0.9.0",
      "resolved": "https://registry.npmjs.org/mpath/-/mpath-0.9.0.tgz",
      "integrity": "sha512-ikJRQTk8hw5DEoFVxHG1Gn9T/xcjtdnOKIU1JTmGjZZlg9LST2mBLmcX3/ICIbgJydT2GOc15RnNy5mHmzfSew==",
      "license": "MIT",
      "engines": {
        "node": ">=4.0.0"
      }
    },
    "node_modules/mquery": {
      "version": "5.0.0",
      "resolved": "https://registry.npmjs.org/mquery/-/mquery-5.0.0.tgz",
      "integrity": "sha512-iQMncpmEK8R8ncT8HJGsGc9Dsp8xcgYMVSbs5jgnm1lFHTZqMJTUWTDx1LBO8+mK3tPNZWFLBghQEIOULSTHZg==",
      "license": "MIT",
      "dependencies": {
        "debug": "4.x"
      },
      "engines": {
        "node": ">=14.0.0"
      }
    },
    "node_modules/ms": {
      "version": "2.1.3",
      "resolved": "https://registry.npmjs.org/ms/-/ms-2.1.3.tgz",
      "integrity": "sha512-6FlzubTLZG3J2a/NVCAleEhjzq5oxgHyaCU9yYXvcLsvoVaHJq/s5xXI6/XXP6tz7R9xAOtHnSO/tXtF3WRTlA==",
      "license": "MIT"
    },
    "node_modules/punycode": {
      "version": "2.3.1",
      "resolved": "https://registry.npmjs.org/punycode/-/punycode-2.3.1.tgz",
      "integrity": "sha512-vYt7UD1U9Wg6138shLtLOvdAu+8DsC/ilFtEVHcH+wydcSpNE20AfSOduf6MkRFahL5FY7X1oU7nKVZFtfq8Fg==",
      "license": "MIT",
      "engines": {
        "node": ">=6"
      }
    },
    "node_modules/querystringify": {
      "version": "2.2.0",
      "resolved": "https://registry.npmjs.org/querystringify/-/querystringify-2.2.0.tgz",
      "integrity": "sha512-FIqgj2EUvTa7R50u0rGsyTftzjYmv/a3hO345bZNrqabNqjtgiDMgmo4mkUjd+nzU5oF3dClKqFIPUKybUyqoQ==",
      "license": "MIT"
    },
    "node_modules/requires-port": {
      "version": "1.0.0",
      "resolved": "https://registry.npmjs.org/requires-port/-/requires-port-1.0.0.tgz",
      "integrity": "sha512-KigOCHcocU3XODJxsu8i/j8T9tzT4adHiecwORRQ0ZZFcp7ahwXuRU1m+yuO90C5ZUyGeGfocHDI14M3L3yDAQ==",
      "license": "MIT"
    },
    "node_modules/resend": {
      "version": "6.4.2",
      "resolved": "https://registry.npmjs.org/resend/-/resend-6.4.2.tgz",
      "integrity": "sha512-YnxmwneltZtjc7Xff+8ZjG1/xPLdstCiqsedgO/JxWTf7vKRAPCx6CkhQ3ZXskG0mrmf8+I5wr/wNRd8PQMUfw==",
      "license": "MIT",
      "dependencies": {
        "svix": "1.76.1"
      },
      "engines": {
        "node": ">=18"
      },
      "peerDependencies": {
        "@react-email/render": "*"
      },
      "peerDependenciesMeta": {
        "@react-email/render": {
          "optional": true
        }
      }
    },
    "node_modules/sift": {
      "version": "17.1.3",
      "resolved": "https://registry.npmjs.org/sift/-/sift-17.1.3.tgz",
      "integrity": "sha512-Rtlj66/b0ICeFzYTuNvX/EF1igRbbnGSvEyT79McoZa/DeGhMyC5pWKOEsZKnpkqtSeovd5FL/bjHWC3CIIvCQ==",
      "license": "MIT"
    },
    "node_modules/svix": {
      "version": "1.76.1",
      "resolved": "https://registry.npmjs.org/svix/-/svix-1.76.1.tgz",
      "integrity": "sha512-CRuDWBTgYfDnBLRaZdKp9VuoPcNUq9An14c/k+4YJ15Qc5Grvf66vp0jvTltd4t7OIRj+8lM1DAgvSgvf7hdLw==",
      "license": "MIT",
      "dependencies": {
        "@stablelib/base64": "^1.0.0",
        "@types/node": "^22.7.5",
        "es6-promise": "^4.2.8",
        "fast-sha256": "^1.3.0",
        "url-parse": "^1.5.10",
        "uuid": "^10.0.0"
      }
    },
    "node_modules/svix/node_modules/@types/node": {
      "version": "22.19.1",
      "resolved": "https://registry.npmjs.org/@types/node/-/node-22.19.1.tgz",
      "integrity": "sha512-LCCV0HdSZZZb34qifBsyWlUmok6W7ouER+oQIGBScS8EsZsQbrtFTUrDX4hOl+CS6p7cnNC4td+qrSVGSCTUfQ==",
      "license": "MIT",
      "dependencies": {
        "undici-types": "~6.21.0"
      }
    },
    "node_modules/tr46": {
      "version": "5.1.1",
      "resolved": "https://registry.npmjs.org/tr46/-/tr46-5.1.1.tgz",
      "integrity": "sha512-hdF5ZgjTqgAntKkklYw0R03MG2x/bSzTtkxmIRw/sTNV8YXsCJ1tfLAX23lhxhHJlEf3CRCOCGGWw3vI3GaSPw==",
      "license": "MIT",
      "dependencies": {
        "punycode": "^2.3.1"
      },
      "engines": {
        "node": ">=18"
      }
    },
    "node_modules/undici-types": {
      "version": "6.21.0",
      "resolved": "https://registry.npmjs.org/undici-types/-/undici-types-6.21.0.tgz",
      "integrity": "sha512-iwDZqg0QAGrg9Rav5H4n0M64c3mkR59cJ6wQp+7C4nI0gsmExaedaYLNO44eT4AtBBwjbTiGPMlt2Md0T9H9JQ==",
      "license": "MIT"
    },
    "node_modules/url-parse": {
      "version": "1.5.10",
      "resolved": "https://registry.npmjs.org/url-parse/-/url-parse-1.5.10.tgz",
      "integrity": "sha512-WypcfiRhfeUP9vvF0j6rw0J3hrWrw6iZv3+22h6iRMJ/8z1Tj6XfLP4DsUix5MhMPnXpiHDoKyoZ/bdCkwBCiQ==",
      "license": "MIT",
      "dependencies": {
        "querystringify": "^2.1.1",
        "requires-port": "^1.0.0"
      }
    },
    "node_modules/uuid": {
      "version": "10.0.0",
      "resolved": "https://registry.npmjs.org/uuid/-/uuid-10.0.0.tgz",
      "integrity": "sha512-8XkAphELsDnEGrDxUOHB3RGvXz6TeuYSGEZBOjtTtPm2lwhGBjLgOzLHB63IUWfBpNucQjND6d3AOudO+H3RWQ==",
      "funding": [
        "https://github.com/sponsors/broofa",
        "https://github.com/sponsors/ctavan"
      ],
      "license": "MIT",
      "bin": {
        "uuid": "dist/bin/uuid"
      }
    },
    "node_modules/webidl-conversions": {
      "version": "7.0.0",
      "resolved": "https://registry.npmjs.org/webidl-conversions/-/webidl-conversions-7.0.0.tgz",
      "integrity": "sha512-VwddBukDzu71offAQR975unBIGqfKZpM+8ZX6ySk8nYhVoo5CYaZyzt3YBvYtRtO+aoGlqxPg/B87NGVZ/fu6g==",
      "license": "BSD-2-Clause",
      "engines": {
        "node": ">=12"
      }
    },
    "node_modules/whatwg-url": {
      "version": "14.2.0",
      "resolved": "https://registry.npmjs.org/whatwg-url/-/whatwg-url-14.2.0.tgz",
      "integrity": "sha512-De72GdQZzNTUBBChsXueQUnPKDkg/5A5zp7pFDuQAj5UFoENpiACU0wlCvzpAGnTkj++ihpKwKyYewn/XNUbKw==",
      "license": "MIT",
      "dependencies": {
        "tr46": "^5.1.0",
        "webidl-conversions": "^7.0.0"
      },
      "engines": {
        "node": ">=18"
      }
    }
  },
  "node_modules/@types/webidl-conversions": {
    "version": "7.0.3",
    "resolved": "https://registry.npmjs.org/@types/webidl-conversions/-/webidl-conversions-7.0.3.tgz",
    "integrity": "sha512-CiJJvcRtIgzadHCYXw7dqEnMNRjhGZlYK05Mj9OyktqV8uVT8fD2BFOB7S1uwBE3Kj2Z+4UyPmFw/Ixgw/LAlA==",
    "license": "MIT"
  },
  "node_modules/@types/whatwg-url": {
    "version": "11.0.5",
    "resolved": "https://registry.npmjs.org/@types/whatwg-url/-/whatwg-url-11.0.5.tgz",
    "integrity": "sha512-coYR071JRaHa+xoEvvYqvnIHaVqaYrLPbsufM9BF63HkwI5Lgmy2QR8Q5K/lYDYo5AK82wOvSOS0UsLTpTG7uQ==",
    "license": "MIT",
    "dependencies": {
      "@types/webidl-conversions": "*"
    }
  },
  "node_modules/bowser": {
    "version": "2.12.1",
    "resolved": "https://registry.npmjs.org/bowser/-/bowser-2.12.1.tgz",
    "integrity": "sha512-z4rE2Gxh7tvshQ4hluIT7XcFrgLIQaw9X3A+kTTRdovCz5PMukm/0QC/BKSYPj3omF5Qfypn9O/c5kgpmvYUCw==",
    "dev": true,
    "license": "MIT"
  },
  "node_modules/bson": {
    "version": "6.10.4",
    "resolved": "https://registry.npmjs.org/bson/-/bson-6.10.4.tgz",
    "integrity": "sha512-WIsKqkSC0ABoBJuT1LEX+2HEvNmNKKgnTAyd0fL8qzK4SH2i9NXg+t08YtdZp/V9IZ33cxe3iV4yM0qg8lMQng==",
    "license": "Apache-2.0",
    "engines": {
      "node": ">=16.20.1"
    }
  },
  "node_modules/debug": {
    "version": "4.4.3",
    "resolved": "https://registry.npmjs.org/debug/-/debug-4.4.3.tgz",
    "integrity": "sha512-RGwwWnwQvkVfavKVt22FGLw+xYSdzARwm0ru6DhTVA3umU5hZc28V3kO4stgYryrTlLpuvgI9GiijltAjNbcqA==",
    "license": "MIT",
    "dependencies": {
      "ms": "^2.1.3"
    },
    "engines": {
      "node": ">=6.0"
    },
    "peerDependenciesMeta": {
      "supports-color": {
        "optional": true
      }
    }
  },
  "node_modules/es6-promise": {
    "version": "4.2.8",
    "resolved": "https://registry.npmjs.org/es6-promise/-/es6-promise-4.2.8.tgz",
    "integrity": "sha512-HJDGx5daxeIvxdBxvG2cb9g4tEvwIk3i8+nhX0yGrYmZUzbkdg8QbDevheDB8gd0//uPj4c1EQua8Q+MViT0/w==",
    "license": "MIT"
  },
  "node_modules/fast-sha256": {
    "version": "1.3.0",
    "resolved": "https://registry.npmjs.org/fast-sha256/-/fast-sha256-1.3.0.tgz",
    "integrity": "sha512-n11RGP/lrWEFI/bWdygLxhI+pVeo1ZYIVwvvPkW7azl/rOy+F3HYRZ2K5zeE9mmkhQppyv9sQFx0JM9UabnpPQ==",
    "license": "Unlicense"
  },
  "node_modules/fast-xml-parser": {
    "version": "5.2.5",
    "resolved": "https://registry.npmjs.org/fast-xml-parser/-/fast-xml-parser-5.2.5.tgz",
    "integrity": "sha512-pfX9uG9Ki0yekDHx2SiuRIyFdyAr1kMIMitPvb0YBo8SUfKvia7w7FIyd/l6av85pFYRhZscS75MwMnbvY+hcQ==",
    "dev": true,
    "funding": [
      {
        "type": "github",
        "url": "https://github.com/sponsors/NaturalIntelligence"
      }
    ],
    "license": "MIT",
    "dependencies": {
      "strnum": "^2.1.0"
    },
    "bin": {
      "fxparser": "src/cli/cli.js"
    }
  },
  "node_modules/kareem": {
    "version": "2.6.3",
    "resolved": "https://registry.npmjs.org/kareem/-/kareem-2.6.3.tgz",
    "integrity": "sha512-C3iHfuGUXK2u8/ipq9LfjFfXFxAZMQJJq7vLS45r3D9Y2xQ/m4S8zaR4zMLFWh9AsNPXmcFfUDhTEO8UIC/V6Q==",
    "license": "Apache-2.0",
    "engines": {
      "node": ">=12.0.0"
    }
  },
  "node_modules/memory-pager": {
    "version": "1.5.0",
    "resolved": "https://registry.npmjs.org/memory-pager/-/memory-pager-1.5.0.tgz",
    "integrity": "sha512-ZS4Bp4r/Zoeq6+NLJpP+0Zzm0pR8whtGPf1XExKLJBAczGMnSi3It14OiNCStjQjM6NU1okjQGSxgEZN8eBYKg==",
    "license": "MIT"
  },
  "node_modules/mongodb": {
    "version": "6.20.0",
    "resolved": "https://registry.npmjs.org/mongodb/-/mongodb-6.20.0.tgz",
    "integrity": "sha512-Tl6MEIU3K4Rq3TSHd+sZQqRBoGlFsOgNrH5ltAcFBV62Re3Fd+FcaVf8uSEQFOJ51SDowDVttBTONMfoYWrWlQ==",
    "license": "Apache-2.0",
    "dependencies": {
      "@mongodb-js/saslprep": "^1.3.0",
      "bson": "^6.10.4",
      "mongodb-connection-string-url": "^3.0.2"
    },
    "engines": {
      "node": ">=16.20.1"
    },
    "peerDependencies": {
      "@aws-sdk/credential-providers": "^3.188.0",
      "@mongodb-js/zstd": "^1.1.0 || ^2.0.0",
      "gcp-metadata": "^5.2.0",
      "kerberos": "^2.0.1",
      "mongodb-client-encryption": ">=6.0.0 <7",
      "snappy": "^7.3.2",
      "socks": "^2.7.1"
    },
    "peerDependenciesMeta": {
      "@aws-sdk/credential-providers": {
        "optional": true
      },
      "@mongodb-js/zstd": {
        "optional": true
      },
      "gcp-metadata": {
        "optional": true
      },
      "kerberos": {
        "optional": true
      },
      "mongodb-client-encryption": {
        "optional": true
      },
      "snappy": {
        "optional": true
      },
      "socks": {
        "optional": true
      }
    }
  },
  "node_modules/mongodb-connection-string-url": {
    "version": "3.0.2",
    "resolved": "https://registry.npmjs.org/mongodb-connection-string-url/-/mongodb-connection-string-url-3.0.2.tgz",
    "integrity": "sha512-rMO7CGo/9BFwyZABcKAWL8UJwH/Kc2x0g72uhDWzG48URRax5TCIcJ7Rc3RZqffZzO/Gwff/jyKwCU9TN8gehA==",
    "license": "Apache-2.0",
    "dependencies": {
      "@types/whatwg-url": "^11.0.2",
      "whatwg-url": "^14.1.0 || ^13.0.0"
    }
  },
  "node_modules/mongoose": {
    "version": "8.19.3",
    "resolved": "https://registry.npmjs.org/mongoose/-/mongoose-8.19.3.tgz",
    "integrity": "sha512-fTAGaIohkk8wCggMuBuqTVD4YrM1/J8cBr1ekqzFqtz65qkLjtX2dcy3NH1e+2rk2365dyrrsPAnt4YTxBhEiQ==",
    "license": "MIT",
    "dependencies": {
      "bson": "^6.10.4",
      "kareem": "2.6.3",
      "mongodb": "~6.20.0",
      "mpath": "0.9.0",
      "mquery": "5.0.0",
      "ms": "2.1.3",
      "sift": "17.1.3"
    },
    "engines": {
      "node": ">=16.20.1"
    },
    "funding": {
      "type": "opencollective",
      "url": "https://opencollective.com/mongoose"
    }
  },
  "node_modules/mpath": {
    "version": "0.9.0",
    "resolved": "https://registry.npmjs.org/mpath/-/mpath-0.9.0.tgz",
    "integrity": "sha512-ikJRQTk8hw5DEoFVxHG1Gn9T/xcjtdnOKIU1JTmGjZZlg9LST2mBLmcX3/ICIbgJydT2GOc15RnNy5mHmzfSew==",
    "license": "MIT",
    "engines": {
      "node": ">=4.0.0"
    }
  },
  "node_modules/mquery": {
    "version": "5.0.0",
    "resolved": "https://registry.npmjs.org/mquery/-/mquery-5.0.0.tgz",
    "integrity": "sha512-iQMncpmEK8R8ncT8HJGsGc9Dsp8xcgYMVSbs5jgnm1lFHTZqMJTUWTDx1LBO8+mK3tPNZWFLBghQEIOULSTHZg==",
    "license": "MIT",
    "dependencies": {
      "debug": "4.x"
    },
    "engines": {
      "node": ">=14.0.0"
    }
  },
  "node_modules/ms": {
    "version": "2.1.3",
    "resolved": "https://registry.npmjs.org/ms/-/ms-2.1.3.tgz",
    "integrity": "sha512-6FlzubTLZG3J2a/NVCAleEhjzq5oxgHyaCU9yYXvcLsvoVaHJq/s5xXI6/XXP6tz7R9xAOtHnSO/tXtF3WRTlA==",
    "license": "MIT"
  },
  "node_modules/punycode": {
    "version": "2.3.1",
    "resolved": "https://registry.npmjs.org/punycode/-/punycode-2.3.1.tgz",
    "integrity": "sha512-vYt7UD1U9Wg6138shLtLOvdAu+8DsC/ilFtEVHcH+wydcSpNE20AfSOduf6MkRFahL5FY7X1oU7nKVZFtfq8Fg==",
    "license": "MIT",
    "engines": {
      "node": ">=6"
    }
  },
  "node_modules/querystringify": {
    "version": "2.2.0",
    "resolved": "https://registry.npmjs.org/querystringify/-/querystringify-2.2.0.tgz",
    "integrity": "sha512-FIqgj2EUvTa7R50u0rGsyTftzjYmv/a3hO345bZNrqabNqjtgiDMgmo4mkUjd+nzU5oF3dClKqFIPUKybUyqoQ==",
    "license": "MIT"
  },
  "node_modules/requires-port": {
    "version": "1.0.0",
    "resolved": "https://registry.npmjs.org/requires-port/-/requires-port-1.0.0.tgz",
    "integrity": "sha512-KigOCHcocU3XODJxsu8i/j8T9tzT4adHiecwORRQ0ZZFcp7ahwXuRU1m+yuO90C5ZUyGeGfocHDI14M3L3yDAQ==",
    "license": "MIT"
  },
  "node_modules/resend": {
    "version": "6.4.2",
    "resolved": "https://registry.npmjs.org/resend/-/resend-6.4.2.tgz",
    "integrity": "sha512-YnxmwneltZtjc7Xff+8ZjG1/xPLdstCiqsedgO/JxWTf7vKRAPCx6CkhQ3ZXskG0mrmf8+I5wr/wNRd8PQMUfw==",
    "license": "MIT",
    "dependencies": {
      "svix": "1.76.1"
    },
    "engines": {
      "node": ">=18"
    },
    "peerDependencies": {
      "@react-email/render": "*"
    },
    "peerDependenciesMeta": {
      "@react-email/render": {
        "optional": true
      }
    }
  },
  "node_modules/sift": {
    "version": "17.1.3",
    "resolved": "https://registry.npmjs.org/sift/-/sift-17.1.3.tgz",
    "integrity": "sha512-Rtlj66/b0ICeFzYTuNvX/EF1igRbbnGSvEyT79McoZa/DeGhMyC5pWKOEsZKnpkqtSeovd5FL/bjHWC3CIIvCQ==",
    "license": "MIT"
  },
  "node_modules/sparse-bitfield": {
    "version": "3.0.3",
    "resolved": "https://registry.npmjs.org/sparse-bitfield/-/sparse-bitfield-3.0.3.tgz",
    "integrity": "sha512-kvzhi7vqKTfkh0PZU+2D2PIllw2ymqJKujUcyPMd9Y75Nv4nPbGJZXNhxsgdQab2BmlDct1YnfQCguEvHr7VsQ==",
    "license": "MIT",
    "dependencies": {
      "memory-pager": "^1.0.2"
    }
  },
  "node_modules/strnum": {
    "version": "2.1.1",
    "resolved": "https://registry.npmjs.org/strnum/-/strnum-2.1.1.tgz",
    "integrity": "sha512-7ZvoFTiCnGxBtDqJ//Cu6fWtZtc7Y3x+QOirG15wztbdngGSkht27o2pyGWrVy0b4WAy3jbKmnoK6g5VlVNUUw==",
    "dev": true,
    "funding": [
      {
        "type": "github",
        "url": "https://github.com/sponsors/NaturalIntelligence"
      }
    ],
    "license": "MIT"
  },
  "node_modules/svix": {
    "version": "1.76.1",
    "resolved": "https://registry.npmjs.org/svix/-/svix-1.76.1.tgz",
    "integrity": "sha512-CRuDWBTgYfDnBLRaZdKp9VuoPcNUq9An14c/k+4YJ15Qc5Grvf66vp0jvTltd4t7OIRj+8lM1DAgvSgvf7hdLw==",
    "license": "MIT",
    "dependencies": {
      "@stablelib/base64": "^1.0.0",
      "@types/node": "^22.7.5",
      "es6-promise": "^4.2.8",
      "fast-sha256": "^1.3.0",
      "url-parse": "^1.5.10",
      "uuid": "^10.0.0"
    }
  },
  "node_modules/svix/node_modules/@types/node": {
    "version": "22.19.1",
    "resolved": "https://registry.npmjs.org/@types/node/-/node-22.19.1.tgz",
    "integrity": "sha512-LCCV0HdSZZZb34qifBsyWlUmok6W7ouER+oQIGBScS8EsZsQbrtFTUrDX4hOl+CS6p7cnNC4td+qrSVGSCTUfQ==",
    "license": "MIT",
    "dependencies": {
      "undici-types": "~6.21.0"
    }
  },
  "node_modules/svix/node_modules/undici-types": {
    "version": "6.21.0",
    "resolved": "https://registry.npmjs.org/undici-types/-/undici-types-6.21.0.tgz",
    "integrity": "sha512-iwDZqg0QAGrg9Rav5H4n0M64c3mkR59cJ6wQp+7C4nI0gsmExaedaYLNO44eT4AtBBwjbTiGPMlt2Md0T9H9JQ==",
    "license": "MIT"
  },
  "node_modules/tr46": {
    "version": "5.1.1",
    "resolved": "https://registry.npmjs.org/tr46/-/tr46-5.1.1.tgz",
    "integrity": "sha512-hdF5ZgjTqgAntKkklYw0R03MG2x/bSzTtkxmIRw/sTNV8YXsCJ1tfLAX23lhxhHJlEf3CRCOCGGWw3vI3GaSPw==",
    "license": "MIT",
    "dependencies": {
      "punycode": "^2.3.1"
    },
    "engines": {
      "node": ">=18"
    }
  },
  "node_modules/tslib": {
    "version": "2.8.1",
    "resolved": "https://registry.npmjs.org/tslib/-/tslib-2.8.1.tgz",
    "integrity": "sha512-oJFu94HQb+KVduSUQL7wnpmqnfmLsOA/nAh6b6EH0wCEoK0/mPeXU6c3wKDV83MkOuHPRHtSXKKU99IBazS/2w==",
    "dev": true,
    "license": "0BSD"
  },
  "node_modules/undici-types": {
    "version": "7.16.0",
    "resolved": "https://registry.npmjs.org/undici-types/-/undici-types-7.16.0.tgz",
    "integrity": "sha512-Zz+aZWSj8LE6zoxD+xrjh4VfkIG8Ya6LvYkZqtUQGJPZjYl53ypCaUwWqo7eI0x66KBGeRo+mlBEkMSeSZ38Nw==",
    "dev": true,
    "license": "MIT"
  },
  "node_modules/url-parse": {
    "version": "1.5.10",
    "resolved": "https://registry.npmjs.org/url-parse/-/url-parse-1.5.10.tgz",
    "integrity": "sha512-WypcfiRhfeUP9vvF0j6rw0J3hrWrw6iZv3+22h6iRMJ/8z1Tj6XfLP4DsUix5MhMPnXpiHDoKyoZ/bdCkwBCiQ==",
    "license": "MIT",
    "dependencies": {
      "querystringify": "^2.1.1",
      "requires-port": "^1.0.0"
    }
  },
  "node_modules/uuid": {
    "version": "10.0.0",
    "resolved": "https://registry.npmjs.org/uuid/-/uuid-10.0.0.tgz",
    "integrity": "sha512-8XkAphELsDnEGrDxUOHB3RGvXz6TeuYSGEZBOjtTtPm2lwhGBjLgOzLHB63IUWfBpNucQjND6d3AOudO+H3RWQ==",
    "funding": [
      "https://github.com/sponsors/broofa",
      "https://github.com/sponsors/ctavan"
    ],
    "license": "MIT",
    "bin": {
      "uuid": "dist/bin/uuid"
    }
  },
  "node_modules/webidl-conversions": {
    "version": "7.0.0",
    "resolved": "https://registry.npmjs.org/webidl-conversions/-/webidl-conversions-7.0.0.tgz",
    "integrity": "sha512-VwddBukDzu71offAQR975unBIGqfKZpM+8ZX6ySk8nYhVoo5CYaZyzt3YBvYtRtO+aoGlqxPg/B87NGVZ/fu6g==",
    "license": "BSD-2-Clause",
    "engines": {
      "node": ">=12"
    }
  },
  "node_modules/whatwg-url": {
    "version": "14.2.0",
    "resolved": "https://registry.npmjs.org/whatwg-url/-/whatwg-url-14.2.0.tgz",
    "integrity": "sha512-De72GdQZzNTUBBChsXueQUnPKDkg/5A5zp7pFDuQAj5UFoENpiACU0wlCvzpAGnTkj++ihpKwKyYewn/XNUbKw==",
    "license": "MIT",
    "dependencies": {
      "tr46": "^5.1.0",
      "webidl-conversions": "^7.0.0"
    },
    "engines": {
      "node": ">=18"
    }
  }
}
